
Microsoft Visual Studio Solution File, Format Version 12.00
# Visual Studio 15
VisualStudioVersion = 15.0.28307.902
MinimumVisualStudioVersion = 10.0.40219.1
Project("{FAE04EC0-301F-11D3-BF4B-00C04F79EFBC}") = "ScreenCapturer", "ScreenCapturer.csproj", "{14512154-CE99-48E7-A109-0CF0353E0E7D}"
EndProject
Global
	GlobalSection(SolutionConfigurationPlatforms) = preSolution
		Debug|Any CPU = Debug|Any CPU
		Release|Any CPU = Release|Any CPU
	EndGlobalSection
	GlobalSection(ProjectConfigurationPlatforms) = postSolution
		{14512154-CE99-48E7-A109-0CF0353E0E7D}.Debug|Any CPU.ActiveCfg = Debug|Any CPU
		{14512154-CE99-48E7-A109-0CF0353E0E7D}.Debug|Any CPU.Build.0 = Debug|Any CPU
		{14512154-CE99-48E7-A109-0CF0353E0E7D}.Release|Any CPU.ActiveCfg = Release|Any CPU
		{14512154-CE99-48E7-A109-0CF0353E0E7D}.Release|Any CPU.Build.0 = Release|Any CPU
	EndGlobalSection
	GlobalSection(SolutionProperties) = preSolution
		HideSolutionNode = FALSE
	EndGlobalSection
	GlobalSection(ExtensibilityGlobals) = postSolution
		SolutionGuid = {F2DBAAAD-8D75-470A-B89B-C9A6E2D7EFF2}
	EndGlobalSection
EndGlobal
